
Microsoft Visual Studio Solution File, Format Version 11.00
# Visual Studio 2010
Project("{FAE04EC0-301F-11D3-BF4B-00C04F79EFBC}") = "Preprocessing", "Preprocessing\Preprocessing.csproj", "{CD1A6987-2C69-4758-8F95-069AC4C11B1F}"
EndProject
Project("{FAE04EC0-301F-11D3-BF4B-00C04F79EFBC}") = "Latino", "..\Latino\Latino\Latino.csproj", "{5B86AAD5-3FEA-487C-A518-4F846AF09E18}"
EndProject
Project("{FAE04EC0-301F-11D3-BF4B-00C04F79EFBC}") = "PosTagger2010", "..\Obeliks\Obeliks\PosTagger\PosTagger2010.csproj", "{915DA0E9-1BA2-4BBF-87AC-734D49B1EBFC}"
EndProject
Project("{FAE04EC0-301F-11D3-BF4B-00C04F79EFBC}") = "LemmaSharp2010", "..\Obeliks\Obeliks\LemmaSharp\LemmaSharp2010.csproj", "{3283E6ED-0B50-4505-A268-4C47E8324DC8}"
EndProject
Project("{FAE04EC0-301F-11D3-BF4B-00C04F79EFBC}") = "Analysis", "Analysis\Analysis.csproj", "{6974B685-D437-4D88-8C25-91E5E1A5F596}"
EndProject
Global
	GlobalSection(SolutionConfigurationPlatforms) = preSolution
		Debug|Any CPU = Debug|Any CPU
		Release|Any CPU = Release|Any CPU
	EndGlobalSection
	GlobalSection(ProjectConfigurationPlatforms) = postSolution
		{CD1A6987-2C69-4758-8F95-069AC4C11B1F}.Debug|Any CPU.ActiveCfg = Debug|Any CPU
		{CD1A6987-2C69-4758-8F95-069AC4C11B1F}.Debug|Any CPU.Build.0 = Debug|Any CPU
		{CD1A6987-2C69-4758-8F95-069AC4C11B1F}.Release|Any CPU.ActiveCfg = Release|Any CPU
		{CD1A6987-2C69-4758-8F95-069AC4C11B1F}.Release|Any CPU.Build.0 = Release|Any CPU
		{5B86AAD5-3FEA-487C-A518-4F846AF09E18}.Debug|Any CPU.ActiveCfg = Debug|Any CPU
		{5B86AAD5-3FEA-487C-A518-4F846AF09E18}.Debug|Any CPU.Build.0 = Debug|Any CPU
		{5B86AAD5-3FEA-487C-A518-4F846AF09E18}.Release|Any CPU.ActiveCfg = Release|Any CPU
		{5B86AAD5-3FEA-487C-A518-4F846AF09E18}.Release|Any CPU.Build.0 = Release|Any CPU
		{915DA0E9-1BA2-4BBF-87AC-734D49B1EBFC}.Debug|Any CPU.ActiveCfg = Debug|Any CPU
		{915DA0E9-1BA2-4BBF-87AC-734D49B1EBFC}.Debug|Any CPU.Build.0 = Debug|Any CPU
		{915DA0E9-1BA2-4BBF-87AC-734D49B1EBFC}.Release|Any CPU.ActiveCfg = Release|Any CPU
		{915DA0E9-1BA2-4BBF-87AC-734D49B1EBFC}.Release|Any CPU.Build.0 = Release|Any CPU
		{3283E6ED-0B50-4505-A268-4C47E8324DC8}.Debug|Any CPU.ActiveCfg = Debug|Any CPU
		{3283E6ED-0B50-4505-A268-4C47E8324DC8}.Debug|Any CPU.Build.0 = Debug|Any CPU
		{3283E6ED-0B50-4505-A268-4C47E8324DC8}.Release|Any CPU.ActiveCfg = Release|Any CPU
		{3283E6ED-0B50-4505-A268-4C47E8324DC8}.Release|Any CPU.Build.0 = Release|Any CPU
		{6974B685-D437-4D88-8C25-91E5E1A5F596}.Debug|Any CPU.ActiveCfg = Debug|Any CPU
		{6974B685-D437-4D88-8C25-91E5E1A5F596}.Debug|Any CPU.Build.0 = Debug|Any CPU
		{6974B685-D437-4D88-8C25-91E5E1A5F596}.Release|Any CPU.ActiveCfg = Release|Any CPU
		{6974B685-D437-4D88-8C25-91E5E1A5F596}.Release|Any CPU.Build.0 = Release|Any CPU
	EndGlobalSection
	GlobalSection(SolutionProperties) = preSolution
		HideSolutionNode = FALSE
	EndGlobalSection
EndGlobal
